
Microsoft Visual Studio Solution File, Format Version 12.00
# Visual Studio Version 17
VisualStudioVersion = 17.2.32602.215
MinimumVisualStudioVersion = 15.0.26124.0
Project("{9A19103F-16F7-4668-BE54-9A1E7A4F7556}") = "ServiceClientStreamingSample", "DeviceStreamingSample\ServiceClientStreamingSample.csproj", "{8F047127-FCB6-4D55-BDD1-DBBEFCF1F74A}"
EndProject
Global
	GlobalSection(SolutionConfigurationPlatforms) = preSolution
		Debug|Any CPU = Debug|Any CPU
		Debug|x64 = Debug|x64
		Debug|x86 = Debug|x86
		Release|Any CPU = Release|Any CPU
		Release|x64 = Release|x64
		Release|x86 = Release|x86
	EndGlobalSection
	GlobalSection(ProjectConfigurationPlatforms) = postSolution
		{8F047127-FCB6-4D55-BDD1-DBBEFCF1F74A}.Debug|Any CPU.ActiveCfg = Debug|Any CPU
		{8F047127-FCB6-4D55-BDD1-DBBEFCF1F74A}.Debug|Any CPU.Build.0 = Debug|Any CPU
		{8F047127-FCB6-4D55-BDD1-DBBEFCF1F74A}.Debug|x64.ActiveCfg = Debug|Any CPU
		{8F047127-FCB6-4D55-BDD1-DBBEFCF1F74A}.Debug|x64.Build.0 = Debug|Any CPU
		{8F047127-FCB6-4D55-BDD1-DBBEFCF1F74A}.Debug|x86.ActiveCfg = Debug|Any CPU
		{8F047127-FCB6-4D55-BDD1-DBBEFCF1F74A}.Debug|x86.Build.0 = Debug|Any CPU
		{8F047127-FCB6-4D55-BDD1-DBBEFCF1F74A}.Release|Any CPU.ActiveCfg = Release|Any CPU
		{8F047127-FCB6-4D55-BDD1-DBBEFCF1F74A}.Release|Any CPU.Build.0 = Release|Any CPU
		{8F047127-FCB6-4D55-BDD1-DBBEFCF1F74A}.Release|x64.ActiveCfg = Release|Any CPU
		{8F047127-FCB6-4D55-BDD1-DBBEFCF1F74A}.Release|x64.Build.0 = Release|Any CPU
		{8F047127-FCB6-4D55-BDD1-DBBEFCF1F74A}.Release|x86.ActiveCfg = Release|Any CPU
		{8F047127-FCB6-4D55-BDD1-DBBEFCF1F74A}.Release|x86.Build.0 = Release|Any CPU
	EndGlobalSection
	GlobalSection(SolutionProperties) = preSolution
		HideSolutionNode = FALSE
	EndGlobalSection
	GlobalSection(ExtensibilityGlobals) = postSolution
		SolutionGuid = {0CDB9667-C8CE-4A06-A7A5-284C7A29E0B0}
	EndGlobalSection
EndGlobal
