
Microsoft Visual Studio Solution File, Format Version 12.00
# Visual Studio Version 17
VisualStudioVersion = 17.0.32112.339
MinimumVisualStudioVersion = 15.0.26124.0
Project("{9A19103F-16F7-4668-BE54-9A1E7A4F7556}") = "ProvisioningRoleBasedAuthenticationSample", "ProvisioningRoleBasedAuthenticationSample\ProvisioningRoleBasedAuthenticationSample.csproj", "{40D38FAA-7DF0-431F-A4F7-26815D6BA003}"
EndProject
Project("{9A19103F-16F7-4668-BE54-9A1E7A4F7556}") = "ProvisioningAzureSasCredentialSample", "ProvisioningAzureSasCredentialSample\ProvisioningAzureSasCredentialSample.csproj", "{39AC8067-9A58-4DFC-A89B-EF1DD912ED26}"
EndProject
Global
	GlobalSection(SolutionConfigurationPlatforms) = preSolution
		Debug|Any CPU = Debug|Any CPU
		Debug|x64 = Debug|x64
		Debug|x86 = Debug|x86
		Release|Any CPU = Release|Any CPU
		Release|x64 = Release|x64
		Release|x86 = Release|x86
	EndGlobalSection
	GlobalSection(ProjectConfigurationPlatforms) = postSolution
		{40D38FAA-7DF0-431F-A4F7-26815D6BA003}.Debug|Any CPU.ActiveCfg = Debug|Any CPU
		{40D38FAA-7DF0-431F-A4F7-26815D6BA003}.Debug|Any CPU.Build.0 = Debug|Any CPU
		{40D38FAA-7DF0-431F-A4F7-26815D6BA003}.Debug|x64.ActiveCfg = Debug|Any CPU
		{40D38FAA-7DF0-431F-A4F7-26815D6BA003}.Debug|x64.Build.0 = Debug|Any CPU
		{40D38FAA-7DF0-431F-A4F7-26815D6BA003}.Debug|x86.ActiveCfg = Debug|Any CPU
		{40D38FAA-7DF0-431F-A4F7-26815D6BA003}.Debug|x86.Build.0 = Debug|Any CPU
		{40D38FAA-7DF0-431F-A4F7-26815D6BA003}.Release|Any CPU.ActiveCfg = Release|Any CPU
		{40D38FAA-7DF0-431F-A4F7-26815D6BA003}.Release|Any CPU.Build.0 = Release|Any CPU
		{40D38FAA-7DF0-431F-A4F7-26815D6BA003}.Release|x64.ActiveCfg = Release|Any CPU
		{40D38FAA-7DF0-431F-A4F7-26815D6BA003}.Release|x64.Build.0 = Release|Any CPU
		{40D38FAA-7DF0-431F-A4F7-26815D6BA003}.Release|x86.ActiveCfg = Release|Any CPU
		{40D38FAA-7DF0-431F-A4F7-26815D6BA003}.Release|x86.Build.0 = Release|Any CPU
		{39AC8067-9A58-4DFC-A89B-EF1DD912ED26}.Debug|Any CPU.ActiveCfg = Debug|Any CPU
		{39AC8067-9A58-4DFC-A89B-EF1DD912ED26}.Debug|Any CPU.Build.0 = Debug|Any CPU
		{39AC8067-9A58-4DFC-A89B-EF1DD912ED26}.Debug|x64.ActiveCfg = Debug|Any CPU
		{39AC8067-9A58-4DFC-A89B-EF1DD912ED26}.Debug|x64.Build.0 = Debug|Any CPU
		{39AC8067-9A58-4DFC-A89B-EF1DD912ED26}.Debug|x86.ActiveCfg = Debug|Any CPU
		{39AC8067-9A58-4DFC-A89B-EF1DD912ED26}.Debug|x86.Build.0 = Debug|Any CPU
		{39AC8067-9A58-4DFC-A89B-EF1DD912ED26}.Release|Any CPU.ActiveCfg = Release|Any CPU
		{39AC8067-9A58-4DFC-A89B-EF1DD912ED26}.Release|Any CPU.Build.0 = Release|Any CPU
		{39AC8067-9A58-4DFC-A89B-EF1DD912ED26}.Release|x64.ActiveCfg = Release|Any CPU
		{39AC8067-9A58-4DFC-A89B-EF1DD912ED26}.Release|x64.Build.0 = Release|Any CPU
		{39AC8067-9A58-4DFC-A89B-EF1DD912ED26}.Release|x86.ActiveCfg = Release|Any CPU
		{39AC8067-9A58-4DFC-A89B-EF1DD912ED26}.Release|x86.Build.0 = Release|Any CPU
	EndGlobalSection
	GlobalSection(SolutionProperties) = preSolution
		HideSolutionNode = FALSE
	EndGlobalSection
	GlobalSection(ExtensibilityGlobals) = postSolution
		SolutionGuid = {0E6859DA-0401-4793-A845-290EDCD83A6B}
	EndGlobalSection
EndGlobal
