
Microsoft Visual Studio Solution File, Format Version 12.00
# Visual Studio Version 17
VisualStudioVersion = 17.1.32407.343
MinimumVisualStudioVersion = 10.0.40219.1
Project("{9A19103F-16F7-4668-BE54-9A1E7A4F7556}") = "SymmetricKeyWithOperationalCertificateSample", "SymmetricKeyWithOperationalCertificateSample\SymmetricKeyWithOperationalCertificateSample.csproj", "{15D99352-B7F4-4887-AC7F-78C3EAFCD244}"
EndProject
Project("{9A19103F-16F7-4668-BE54-9A1E7A4F7556}") = "ColorConsoleLogger", "..\..\..\helpers\ColorConsoleLogger\ColorConsoleLogger.csproj", "{B5358F05-5795-4CB8-8ADF-0622FA55929E}"
EndProject
Project("{9A19103F-16F7-4668-BE54-9A1E7A4F7556}") = "SymmetricKeyWithTrustBundleSample", "SymmetricKeyWithTrustBundleSample\SymmetricKeyWithTrustBundleSample.csproj", "{B39DCE06-C671-4B6C-9826-A9F81680B966}"
EndProject
Global
	GlobalSection(SolutionConfigurationPlatforms) = preSolution
		Debug|Any CPU = Debug|Any CPU
		Release|Any CPU = Release|Any CPU
	EndGlobalSection
	GlobalSection(ProjectConfigurationPlatforms) = postSolution
		{15D99352-B7F4-4887-AC7F-78C3EAFCD244}.Debug|Any CPU.ActiveCfg = Debug|Any CPU
		{15D99352-B7F4-4887-AC7F-78C3EAFCD244}.Debug|Any CPU.Build.0 = Debug|Any CPU
		{15D99352-B7F4-4887-AC7F-78C3EAFCD244}.Release|Any CPU.ActiveCfg = Release|Any CPU
		{15D99352-B7F4-4887-AC7F-78C3EAFCD244}.Release|Any CPU.Build.0 = Release|Any CPU
		{B5358F05-5795-4CB8-8ADF-0622FA55929E}.Debug|Any CPU.ActiveCfg = Debug|Any CPU
		{B5358F05-5795-4CB8-8ADF-0622FA55929E}.Debug|Any CPU.Build.0 = Debug|Any CPU
		{B5358F05-5795-4CB8-8ADF-0622FA55929E}.Release|Any CPU.ActiveCfg = Release|Any CPU
		{B5358F05-5795-4CB8-8ADF-0622FA55929E}.Release|Any CPU.Build.0 = Release|Any CPU
		{B39DCE06-C671-4B6C-9826-A9F81680B966}.Debug|Any CPU.ActiveCfg = Debug|Any CPU
		{B39DCE06-C671-4B6C-9826-A9F81680B966}.Debug|Any CPU.Build.0 = Debug|Any CPU
		{B39DCE06-C671-4B6C-9826-A9F81680B966}.Release|Any CPU.ActiveCfg = Release|Any CPU
		{B39DCE06-C671-4B6C-9826-A9F81680B966}.Release|Any CPU.Build.0 = Release|Any CPU
	EndGlobalSection
	GlobalSection(SolutionProperties) = preSolution
		HideSolutionNode = FALSE
	EndGlobalSection
	GlobalSection(ExtensibilityGlobals) = postSolution
		SolutionGuid = {88111BA1-4E11-436B-B373-4D0205BDFEDA}
	EndGlobalSection
EndGlobal
